
Microsoft Visual Studio Solution File, Format Version 12.00
# Visual Studio Version 17
VisualStudioVersion = 17.4.33110.190
MinimumVisualStudioVersion = 10.0.40219.1
Project("{8BC9CEB8-8B4A-11D0-8D11-00A0C91BC942}") = "scratch-tool", "scratch-tool.vcxproj", "{53667CE9-42F4-440A-B345-938C92C71CCE}"
	ProjectSection(ProjectDependencies) = postProject
		{C5C3D8F6-9622-48CB-8369-38A0A81BAF2E} = {C5C3D8F6-9622-48CB-8369-38A0A81BAF2E}
	EndProjectSection
EndProject
Project("{8BC9CEB8-8B4A-11D0-8D11-00A0C91BC942}") = "scratch-lang-lib", "scratch-lang-lib.vcxproj", "{C5C3D8F6-9622-48CB-8369-38A0A81BAF2E}"
	ProjectSection(ProjectDependencies) = postProject
		{A4A584D1-4341-4C19-9D2D-F5ABF4213B15} = {A4A584D1-4341-4C19-9D2D-F5ABF4213B15}
	EndProjectSection
EndProject
Project("{8BC9CEB8-8B4A-11D0-8D11-00A0C91BC942}") = "scratch-tests", "scratch-tests.vcxproj", "{038D95CB-AAD4-4009-BA88-28359CE5ACC3}"
EndProject
Project("{8BC9CEB8-8B4A-11D0-8D11-00A0C91BC942}") = "scratch-lang-runtime", "scratch-lang-runtime.vcxproj", "{A4A584D1-4341-4C19-9D2D-F5ABF4213B15}"
EndProject
Project("{8BC9CEB8-8B4A-11D0-8D11-00A0C91BC942}") = "algo_experiments", "..\algo_experiments\algo_experiments.vcxproj", "{197A1C2E-EB6C-4BE6-8584-ACAF55B3BA30}"
EndProject
Project("{8BC9CEB8-8B4A-11D0-8D11-00A0C91BC942}") = "scratch_lang_runtime_test_harness", "scratch_lang_runtime_test_harness.vcxproj", "{9FE7656C-292C-4A80-883E-2921E0F84B66}"
	ProjectSection(ProjectDependencies) = postProject
		{A4A584D1-4341-4C19-9D2D-F5ABF4213B15} = {A4A584D1-4341-4C19-9D2D-F5ABF4213B15}
	EndProjectSection
EndProject
Global
	GlobalSection(SolutionConfigurationPlatforms) = preSolution
		Debug|x64 = Debug|x64
		Debug|x86 = Debug|x86
		Release|x64 = Release|x64
		Release|x86 = Release|x86
	EndGlobalSection
	GlobalSection(ProjectConfigurationPlatforms) = postSolution
		{53667CE9-42F4-440A-B345-938C92C71CCE}.Debug|x64.ActiveCfg = Debug|x64
		{53667CE9-42F4-440A-B345-938C92C71CCE}.Debug|x64.Build.0 = Debug|x64
		{53667CE9-42F4-440A-B345-938C92C71CCE}.Debug|x86.ActiveCfg = Debug|Win32
		{53667CE9-42F4-440A-B345-938C92C71CCE}.Debug|x86.Build.0 = Debug|Win32
		{53667CE9-42F4-440A-B345-938C92C71CCE}.Release|x64.ActiveCfg = Release|x64
		{53667CE9-42F4-440A-B345-938C92C71CCE}.Release|x64.Build.0 = Release|x64
		{53667CE9-42F4-440A-B345-938C92C71CCE}.Release|x86.ActiveCfg = Release|Win32
		{53667CE9-42F4-440A-B345-938C92C71CCE}.Release|x86.Build.0 = Release|Win32
		{C5C3D8F6-9622-48CB-8369-38A0A81BAF2E}.Debug|x64.ActiveCfg = Debug|x64
		{C5C3D8F6-9622-48CB-8369-38A0A81BAF2E}.Debug|x64.Build.0 = Debug|x64
		{C5C3D8F6-9622-48CB-8369-38A0A81BAF2E}.Debug|x86.ActiveCfg = Debug|Win32
		{C5C3D8F6-9622-48CB-8369-38A0A81BAF2E}.Debug|x86.Build.0 = Debug|Win32
		{C5C3D8F6-9622-48CB-8369-38A0A81BAF2E}.Release|x64.ActiveCfg = Release|x64
		{C5C3D8F6-9622-48CB-8369-38A0A81BAF2E}.Release|x64.Build.0 = Release|x64
		{C5C3D8F6-9622-48CB-8369-38A0A81BAF2E}.Release|x86.ActiveCfg = Release|Win32
		{C5C3D8F6-9622-48CB-8369-38A0A81BAF2E}.Release|x86.Build.0 = Release|Win32
		{038D95CB-AAD4-4009-BA88-28359CE5ACC3}.Debug|x64.ActiveCfg = Debug|x64
		{038D95CB-AAD4-4009-BA88-28359CE5ACC3}.Debug|x64.Build.0 = Debug|x64
		{038D95CB-AAD4-4009-BA88-28359CE5ACC3}.Debug|x86.ActiveCfg = Debug|Win32
		{038D95CB-AAD4-4009-BA88-28359CE5ACC3}.Debug|x86.Build.0 = Debug|Win32
		{038D95CB-AAD4-4009-BA88-28359CE5ACC3}.Release|x64.ActiveCfg = Release|x64
		{038D95CB-AAD4-4009-BA88-28359CE5ACC3}.Release|x64.Build.0 = Release|x64
		{038D95CB-AAD4-4009-BA88-28359CE5ACC3}.Release|x86.ActiveCfg = Release|Win32
		{038D95CB-AAD4-4009-BA88-28359CE5ACC3}.Release|x86.Build.0 = Release|Win32
		{A4A584D1-4341-4C19-9D2D-F5ABF4213B15}.Debug|x64.ActiveCfg = Debug|x64
		{A4A584D1-4341-4C19-9D2D-F5ABF4213B15}.Debug|x64.Build.0 = Debug|x64
		{A4A584D1-4341-4C19-9D2D-F5ABF4213B15}.Debug|x86.ActiveCfg = Debug|Win32
		{A4A584D1-4341-4C19-9D2D-F5ABF4213B15}.Debug|x86.Build.0 = Debug|Win32
		{A4A584D1-4341-4C19-9D2D-F5ABF4213B15}.Release|x64.ActiveCfg = Release|x64
		{A4A584D1-4341-4C19-9D2D-F5ABF4213B15}.Release|x64.Build.0 = Release|x64
		{A4A584D1-4341-4C19-9D2D-F5ABF4213B15}.Release|x86.ActiveCfg = Release|Win32
		{A4A584D1-4341-4C19-9D2D-F5ABF4213B15}.Release|x86.Build.0 = Release|Win32
		{197A1C2E-EB6C-4BE6-8584-ACAF55B3BA30}.Debug|x64.ActiveCfg = Debug|x64
		{197A1C2E-EB6C-4BE6-8584-ACAF55B3BA30}.Debug|x64.Build.0 = Debug|x64
		{197A1C2E-EB6C-4BE6-8584-ACAF55B3BA30}.Debug|x86.ActiveCfg = Debug|Win32
		{197A1C2E-EB6C-4BE6-8584-ACAF55B3BA30}.Debug|x86.Build.0 = Debug|Win32
		{197A1C2E-EB6C-4BE6-8584-ACAF55B3BA30}.Release|x64.ActiveCfg = Release|x64
		{197A1C2E-EB6C-4BE6-8584-ACAF55B3BA30}.Release|x64.Build.0 = Release|x64
		{197A1C2E-EB6C-4BE6-8584-ACAF55B3BA30}.Release|x86.ActiveCfg = Release|Win32
		{197A1C2E-EB6C-4BE6-8584-ACAF55B3BA30}.Release|x86.Build.0 = Release|Win32
		{9FE7656C-292C-4A80-883E-2921E0F84B66}.Debug|x64.ActiveCfg = Debug|x64
		{9FE7656C-292C-4A80-883E-2921E0F84B66}.Debug|x64.Build.0 = Debug|x64
		{9FE7656C-292C-4A80-883E-2921E0F84B66}.Debug|x86.ActiveCfg = Debug|Win32
		{9FE7656C-292C-4A80-883E-2921E0F84B66}.Debug|x86.Build.0 = Debug|Win32
		{9FE7656C-292C-4A80-883E-2921E0F84B66}.Release|x64.ActiveCfg = Release|x64
		{9FE7656C-292C-4A80-883E-2921E0F84B66}.Release|x64.Build.0 = Release|x64
		{9FE7656C-292C-4A80-883E-2921E0F84B66}.Release|x86.ActiveCfg = Release|Win32
		{9FE7656C-292C-4A80-883E-2921E0F84B66}.Release|x86.Build.0 = Release|Win32
	EndGlobalSection
	GlobalSection(SolutionProperties) = preSolution
		HideSolutionNode = FALSE
	EndGlobalSection
	GlobalSection(ExtensibilityGlobals) = postSolution
		SolutionGuid = {FA626169-ACAD-4F91-A02D-B9B81DA51105}
	EndGlobalSection
EndGlobal
